// !$*UTF8*$!
{
	archiveVersion = 1;
	classes = {
	};
	objectVersion = 56;
	objects = {

/* Begin PBXBuildFile section */
		ED6640FC29B813F000562C71 /* FavoriteButton.swift in Sources */ = {isa = PBXBuildFile; fileRef = ED6640FB29B813F000562C71 /* FavoriteButton.swift */; };
		ED7F069229BBBAD80064E398 /* PageViewController.swift in Sources */ = {isa = PBXBuildFile; fileRef = ED7F069129BBBAD80064E398 /* PageViewController.swift */; };
		ED7F069429BBBD440064E398 /* FeatureCard.swift in Sources */ = {isa = PBXBuildFile; fileRef = ED7F069329BBBD440064E398 /* FeatureCard.swift */; };
		ED7F069629BBBDEB0064E398 /* landmarkData.json in Resources */ = {isa = PBXBuildFile; fileRef = ED7F069529BBBDEB0064E398 /* landmarkData.json */; };
		ED7F069829BBCC300064E398 /* PageView.swift in Sources */ = {isa = PBXBuildFile; fileRef = ED7F069729BBCC300064E398 /* PageView.swift */; };
		EDB98A8029B9887C0000C3B5 /* HexagonParameters.swift in Sources */ = {isa = PBXBuildFile; fileRef = EDB98A7F29B9887C0000C3B5 /* HexagonParameters.swift */; };
		EDB98A8229B98A060000C3B5 /* BadgeBackground.swift in Sources */ = {isa = PBXBuildFile; fileRef = EDB98A8129B98A060000C3B5 /* BadgeBackground.swift */; };
		EDB98A8429B98C690000C3B5 /* BadgeSymbol.swift in Sources */ = {isa = PBXBuildFile; fileRef = EDB98A8329B98C690000C3B5 /* BadgeSymbol.swift */; };
		EDB98A8629B98CD80000C3B5 /* RotatedBadgeSymbol.swift in Sources */ = {isa = PBXBuildFile; fileRef = EDB98A8529B98CD80000C3B5 /* RotatedBadgeSymbol.swift */; };
		EDB98A8829B98E630000C3B5 /* Badge.swift in Sources */ = {isa = PBXBuildFile; fileRef = EDB98A8729B98E630000C3B5 /* Badge.swift */; };
		EDB98A8B29B993140000C3B5 /* hikeData.json in Resources */ = {isa = PBXBuildFile; fileRef = EDB98A8A29B993140000C3B5 /* hikeData.json */; };
		EDB98A8F29B9937C0000C3B5 /* Hike.swift in Sources */ = {isa = PBXBuildFile; fileRef = EDB98A8E29B9937C0000C3B5 /* Hike.swift */; };
		EDB98A9529B993CF0000C3B5 /* GraphCapsule.swift in Sources */ = {isa = PBXBuildFile; fileRef = EDB98A9129B993CF0000C3B5 /* GraphCapsule.swift */; };
		EDB98A9629B993CF0000C3B5 /* HikeGraph.swift in Sources */ = {isa = PBXBuildFile; fileRef = EDB98A9229B993CF0000C3B5 /* HikeGraph.swift */; };
		EDB98A9729B993CF0000C3B5 /* HikeDetail.swift in Sources */ = {isa = PBXBuildFile; fileRef = EDB98A9329B993CF0000C3B5 /* HikeDetail.swift */; };
		EDB98A9829B993CF0000C3B5 /* HikeView.swift in Sources */ = {isa = PBXBuildFile; fileRef = EDB98A9429B993CF0000C3B5 /* HikeView.swift */; };
		EDB98A9B29BA626C0000C3B5 /* CategoryHome.swift in Sources */ = {isa = PBXBuildFile; fileRef = EDB98A9A29BA626C0000C3B5 /* CategoryHome.swift */; };
		EDB98A9D29BA64120000C3B5 /* CategoryRow.swift in Sources */ = {isa = PBXBuildFile; fileRef = EDB98A9C29BA64120000C3B5 /* CategoryRow.swift */; };
		EDB98A9F29BA65510000C3B5 /* CategoryItem.swift in Sources */ = {isa = PBXBuildFile; fileRef = EDB98A9E29BA65510000C3B5 /* CategoryItem.swift */; };
		EDB98AA329BA6DDF0000C3B5 /* Profile.swift in Sources */ = {isa = PBXBuildFile; fileRef = EDB98AA229BA6DDF0000C3B5 /* Profile.swift */; };
		EDB98AA629BA73160000C3B5 /* ProfileHost.swift in Sources */ = {isa = PBXBuildFile; fileRef = EDB98AA529BA73160000C3B5 /* ProfileHost.swift */; };
		EDB98AA829BA734A0000C3B5 /* ProfileSummary.swift in Sources */ = {isa = PBXBuildFile; fileRef = EDB98AA729BA734A0000C3B5 /* ProfileSummary.swift */; };
		EDB98AAA29BA73AB0000C3B5 /* HikeBadge.swift in Sources */ = {isa = PBXBuildFile; fileRef = EDB98AA929BA73AB0000C3B5 /* HikeBadge.swift */; };
		EDB98AAC29BA774A0000C3B5 /* ProfileEditor.swift in Sources */ = {isa = PBXBuildFile; fileRef = EDB98AAB29BA774A0000C3B5 /* ProfileEditor.swift */; };
		EDD743142A0E39DB00522F21 /* PageControl.swift in Sources */ = {isa = PBXBuildFile; fileRef = EDD743132A0E39DB00522F21 /* PageControl.swift */; };
		EDD7431E2A0E3B8C00522F21 /* ContentView.swift in Sources */ = {isa = PBXBuildFile; fileRef = EDD7431D2A0E3B8C00522F21 /* ContentView.swift */; };
		EDD743232A0E3B8D00522F21 /* Preview Assets.xcassets in Resources */ = {isa = PBXBuildFile; fileRef = EDD743222A0E3B8D00522F21 /* Preview Assets.xcassets */; };
		EDD743262A0E3B8D00522F21 /* WatchLandmark Watch App.app in Embed Watch Content */ = {isa = PBXBuildFile; fileRef = EDD743192A0E3B8C00522F21 /* WatchLandmark Watch App.app */; settings = {ATTRIBUTES = (RemoveHeadersOnCopy, ); }; };
		EDD7432B2A0E3CE700522F21 /* ModelData.swift in Sources */ = {isa = PBXBuildFile; fileRef = EDEE124729B5B2CE00072688 /* ModelData.swift */; };
		EDD7432C2A0E3CE700522F21 /* MapView.swift in Sources */ = {isa = PBXBuildFile; fileRef = EDEE123F29B5ABFF00072688 /* MapView.swift */; };
		EDD7432D2A0E3CE700522F21 /* landmarkData.json in Resources */ = {isa = PBXBuildFile; fileRef = ED7F069529BBBDEB0064E398 /* landmarkData.json */; };
		EDD7432E2A0E3CE700522F21 /* hikeData.json in Resources */ = {isa = PBXBuildFile; fileRef = EDB98A8A29B993140000C3B5 /* hikeData.json */; };
		EDD743302A0E3CE700522F21 /* LandmarkRow.swift in Sources */ = {isa = PBXBuildFile; fileRef = EDEE124C29B5B44400072688 /* LandmarkRow.swift */; };
		EDD743312A0E3CE700522F21 /* Hike.swift in Sources */ = {isa = PBXBuildFile; fileRef = EDB98A8E29B9937C0000C3B5 /* Hike.swift */; };
		EDD743322A0E3CE700522F21 /* Profile.swift in Sources */ = {isa = PBXBuildFile; fileRef = EDB98AA229BA6DDF0000C3B5 /* Profile.swift */; };
		EDD743332A0E3CE700522F21 /* LandmarksApp.swift in Sources */ = {isa = PBXBuildFile; fileRef = EDEE122F29B5A40200072688 /* LandmarksApp.swift */; };
		EDD743342A0E3CE700522F21 /* Landmark.swift in Sources */ = {isa = PBXBuildFile; fileRef = EDEE124529B5B1EC00072688 /* Landmark.swift */; };
		EDD743352A0E3CE700522F21 /* CircleImage.swift in Sources */ = {isa = PBXBuildFile; fileRef = EDEE123D29B5A9A800072688 /* CircleImage.swift */; };
		EDD743362A0E3CE700522F21 /* Assets.xcassets in Resources */ = {isa = PBXBuildFile; fileRef = EDEE123329B5A40300072688 /* Assets.xcassets */; };
		EDD7433A2A0E3DBF00522F21 /* LandmarkDetail.swift in Sources */ = {isa = PBXBuildFile; fileRef = EDD743392A0E3DBF00522F21 /* LandmarkDetail.swift */; };
		EDD7433D2A0E3EF800522F21 /* Assets.xcassets in Resources */ = {isa = PBXBuildFile; fileRef = EDD7433C2A0E3EF800522F21 /* Assets.xcassets */; };
		EDD7433F2A0E420300522F21 /* NotificationView.swift in Sources */ = {isa = PBXBuildFile; fileRef = EDD7433E2A0E420300522F21 /* NotificationView.swift */; };
		EDD743412A0E424100522F21 /* NotificationController.swift in Sources */ = {isa = PBXBuildFile; fileRef = EDD743402A0E424100522F21 /* NotificationController.swift */; };
		EDD7434C2A0E440400522F21 /* ContentView.swift in Sources */ = {isa = PBXBuildFile; fileRef = EDD7434B2A0E440400522F21 /* ContentView.swift */; };
		EDD7434E2A0E440600522F21 /* Assets.xcassets in Resources */ = {isa = PBXBuildFile; fileRef = EDD7434D2A0E440600522F21 /* Assets.xcassets */; };
		EDD743512A0E440600522F21 /* Preview Assets.xcassets in Resources */ = {isa = PBXBuildFile; fileRef = EDD743502A0E440600522F21 /* Preview Assets.xcassets */; };
		EDD743562A0E44AA00522F21 /* Hike.swift in Sources */ = {isa = PBXBuildFile; fileRef = EDB98A8E29B9937C0000C3B5 /* Hike.swift */; };
		EDD743572A0E44AA00522F21 /* CircleImage.swift in Sources */ = {isa = PBXBuildFile; fileRef = EDEE123D29B5A9A800072688 /* CircleImage.swift */; };
		EDD743582A0E44AA00522F21 /* ModelData.swift in Sources */ = {isa = PBXBuildFile; fileRef = EDEE124729B5B2CE00072688 /* ModelData.swift */; };
		EDD743592A0E44AA00522F21 /* FavoriteButton.swift in Sources */ = {isa = PBXBuildFile; fileRef = ED6640FB29B813F000562C71 /* FavoriteButton.swift */; };
		EDD7435A2A0E44AA00522F21 /* hikeData.json in Resources */ = {isa = PBXBuildFile; fileRef = EDB98A8A29B993140000C3B5 /* hikeData.json */; };
		EDD7435B2A0E44AA00522F21 /* Assets.xcassets in Resources */ = {isa = PBXBuildFile; fileRef = EDEE123329B5A40300072688 /* Assets.xcassets */; };
		EDD7435C2A0E44AA00522F21 /* LandmarkList.swift in Sources */ = {isa = PBXBuildFile; fileRef = EDE628FD29B5B9E900EF6165 /* LandmarkList.swift */; };
		EDD7435D2A0E44AA00522F21 /* LandmarksApp.swift in Sources */ = {isa = PBXBuildFile; fileRef = EDEE122F29B5A40200072688 /* LandmarksApp.swift */; };
		EDD7435E2A0E44AA00522F21 /* Profile.swift in Sources */ = {isa = PBXBuildFile; fileRef = EDB98AA229BA6DDF0000C3B5 /* Profile.swift */; };
		EDD7435F2A0E44AA00522F21 /* Landmark.swift in Sources */ = {isa = PBXBuildFile; fileRef = EDEE124529B5B1EC00072688 /* Landmark.swift */; };
		EDD743602A0E44AA00522F21 /* LandmarkRow.swift in Sources */ = {isa = PBXBuildFile; fileRef = EDEE124C29B5B44400072688 /* LandmarkRow.swift */; };
		EDD743612A0E44AA00522F21 /* landmarkData.json in Resources */ = {isa = PBXBuildFile; fileRef = ED7F069529BBBDEB0064E398 /* landmarkData.json */; };
		EDD743622A0E44AA00522F21 /* MapView.swift in Sources */ = {isa = PBXBuildFile; fileRef = EDEE123F29B5ABFF00072688 /* MapView.swift */; };
		EDD743642A0E453100522F21 /* LandmarkDetail.swift in Sources */ = {isa = PBXBuildFile; fileRef = EDD743632A0E453100522F21 /* LandmarkDetail.swift */; };
		EDD743662A0E48F400522F21 /* LandmarkList.swift in Sources */ = {isa = PBXBuildFile; fileRef = EDD743652A0E48F400522F21 /* LandmarkList.swift */; };
		EDD743682A0E4CE700522F21 /* LandmarkCommands.swift in Sources */ = {isa = PBXBuildFile; fileRef = EDD743672A0E4CE700522F21 /* LandmarkCommands.swift */; };
		EDD743692A0E4CE700522F21 /* LandmarkCommands.swift in Sources */ = {isa = PBXBuildFile; fileRef = EDD743672A0E4CE700522F21 /* LandmarkCommands.swift */; };
		EDD7436B2A0E504800522F21 /* LandmarkSettings.swift in Sources */ = {isa = PBXBuildFile; fileRef = EDD7436A2A0E504800522F21 /* LandmarkSettings.swift */; };
		EDE628FE29B5B9E900EF6165 /* LandmarkList.swift in Sources */ = {isa = PBXBuildFile; fileRef = EDE628FD29B5B9E900EF6165 /* LandmarkList.swift */; };
		EDE6290029B5BB4200EF6165 /* LandmarkDetail.swift in Sources */ = {isa = PBXBuildFile; fileRef = EDE628FF29B5BB4200EF6165 /* LandmarkDetail.swift */; };
		EDEE123029B5A40200072688 /* LandmarksApp.swift in Sources */ = {isa = PBXBuildFile; fileRef = EDEE122F29B5A40200072688 /* LandmarksApp.swift */; };
		EDEE123229B5A40200072688 /* ContentView.swift in Sources */ = {isa = PBXBuildFile; fileRef = EDEE123129B5A40200072688 /* ContentView.swift */; };
		EDEE123429B5A40300072688 /* Assets.xcassets in Resources */ = {isa = PBXBuildFile; fileRef = EDEE123329B5A40300072688 /* Assets.xcassets */; };
		EDEE123E29B5A9A800072688 /* CircleImage.swift in Sources */ = {isa = PBXBuildFile; fileRef = EDEE123D29B5A9A800072688 /* CircleImage.swift */; };
		EDEE124029B5ABFF00072688 /* MapView.swift in Sources */ = {isa = PBXBuildFile; fileRef = EDEE123F29B5ABFF00072688 /* MapView.swift */; };
		EDEE124629B5B1EC00072688 /* Landmark.swift in Sources */ = {isa = PBXBuildFile; fileRef = EDEE124529B5B1EC00072688 /* Landmark.swift */; };
		EDEE124829B5B2CE00072688 /* ModelData.swift in Sources */ = {isa = PBXBuildFile; fileRef = EDEE124729B5B2CE00072688 /* ModelData.swift */; };
		EDEE124D29B5B44400072688 /* LandmarkRow.swift in Sources */ = {isa = PBXBuildFile; fileRef = EDEE124C29B5B44400072688 /* LandmarkRow.swift */; };
/* End PBXBuildFile section */

/* Begin PBXContainerItemProxy section */
		EDD743242A0E3B8D00522F21 /* PBXContainerItemProxy */ = {
			isa = PBXContainerItemProxy;
			containerPortal = EDEE122429B5A40100072688 /* Project object */;
			proxyType = 1;
			remoteGlobalIDString = EDD743182A0E3B8C00522F21;
			remoteInfo = "WatchLandmark Watch App";
		};
/* End PBXContainerItemProxy section */

/* Begin PBXCopyFilesBuildPhase section */
		EDD7432A2A0E3B8D00522F21 /* Embed Watch Content */ = {
			isa = PBXCopyFilesBuildPhase;
			buildActionMask = 2147483647;
			dstPath = "$(CONTENTS_FOLDER_PATH)/Watch";
			dstSubfolderSpec = 16;
			files = (
				EDD743262A0E3B8D00522F21 /* WatchLandmark Watch App.app in Embed Watch Content */,
			);
			name = "Embed Watch Content";
			runOnlyForDeploymentPostprocessing = 0;
		};
/* End PBXCopyFilesBuildPhase section */

/* Begin PBXFileReference section */
		ED6640FB29B813F000562C71 /* FavoriteButton.swift */ = {isa = PBXFileReference; lastKnownFileType = sourcecode.swift; path = FavoriteButton.swift; sourceTree = "<group>"; };
		ED7F069129BBBAD80064E398 /* PageViewController.swift */ = {isa = PBXFileReference; lastKnownFileType = sourcecode.swift; path = PageViewController.swift; sourceTree = "<group>"; };
		ED7F069329BBBD440064E398 /* FeatureCard.swift */ = {isa = PBXFileReference; lastKnownFileType = sourcecode.swift; path = FeatureCard.swift; sourceTree = "<group>"; };
		ED7F069529BBBDEB0064E398 /* landmarkData.json */ = {isa = PBXFileReference; fileEncoding = 4; lastKnownFileType = text.json; name = landmarkData.json; path = ../../../../../Downloads/InterfacingWithUIKit/Complete/Landmarks/Resources/landmarkData.json; sourceTree = "<group>"; };
		ED7F069729BBCC300064E398 /* PageView.swift */ = {isa = PBXFileReference; lastKnownFileType = sourcecode.swift; path = PageView.swift; sourceTree = "<group>"; };
		EDB98A7F29B9887C0000C3B5 /* HexagonParameters.swift */ = {isa = PBXFileReference; lastKnownFileType = sourcecode.swift; path = HexagonParameters.swift; sourceTree = "<group>"; };
		EDB98A8129B98A060000C3B5 /* BadgeBackground.swift */ = {isa = PBXFileReference; lastKnownFileType = sourcecode.swift; path = BadgeBackground.swift; sourceTree = "<group>"; };
		EDB98A8329B98C690000C3B5 /* BadgeSymbol.swift */ = {isa = PBXFileReference; lastKnownFileType = sourcecode.swift; path = BadgeSymbol.swift; sourceTree = "<group>"; };
		EDB98A8529B98CD80000C3B5 /* RotatedBadgeSymbol.swift */ = {isa = PBXFileReference; lastKnownFileType = sourcecode.swift; path = RotatedBadgeSymbol.swift; sourceTree = "<group>"; };
		EDB98A8729B98E630000C3B5 /* Badge.swift */ = {isa = PBXFileReference; lastKnownFileType = sourcecode.swift; path = Badge.swift; sourceTree = "<group>"; };
		EDB98A8A29B993140000C3B5 /* hikeData.json */ = {isa = PBXFileReference; fileEncoding = 4; lastKnownFileType = text.json; path = hikeData.json; sourceTree = "<group>"; };
		EDB98A8E29B9937C0000C3B5 /* Hike.swift */ = {isa = PBXFileReference; lastKnownFileType = sourcecode.swift; path = Hike.swift; sourceTree = "<group>"; };
		EDB98A9129B993CF0000C3B5 /* GraphCapsule.swift */ = {isa = PBXFileReference; fileEncoding = 4; lastKnownFileType = sourcecode.swift; path = GraphCapsule.swift; sourceTree = "<group>"; };
		EDB98A9229B993CF0000C3B5 /* HikeGraph.swift */ = {isa = PBXFileReference; fileEncoding = 4; lastKnownFileType = sourcecode.swift; path = HikeGraph.swift; sourceTree = "<group>"; };
		EDB98A9329B993CF0000C3B5 /* HikeDetail.swift */ = {isa = PBXFileReference; fileEncoding = 4; lastKnownFileType = sourcecode.swift; path = HikeDetail.swift; sourceTree = "<group>"; };
		EDB98A9429B993CF0000C3B5 /* HikeView.swift */ = {isa = PBXFileReference; fileEncoding = 4; lastKnownFileType = sourcecode.swift; path = HikeView.swift; sourceTree = "<group>"; };
		EDB98A9A29BA626C0000C3B5 /* CategoryHome.swift */ = {isa = PBXFileReference; lastKnownFileType = sourcecode.swift; path = CategoryHome.swift; sourceTree = "<group>"; };
		EDB98A9C29BA64120000C3B5 /* CategoryRow.swift */ = {isa = PBXFileReference; lastKnownFileType = sourcecode.swift; path = CategoryRow.swift; sourceTree = "<group>"; };
		EDB98A9E29BA65510000C3B5 /* CategoryItem.swift */ = {isa = PBXFileReference; lastKnownFileType = sourcecode.swift; path = CategoryItem.swift; sourceTree = "<group>"; };
		EDB98AA229BA6DDF0000C3B5 /* Profile.swift */ = {isa = PBXFileReference; lastKnownFileType = sourcecode.swift; path = Profile.swift; sourceTree = "<group>"; };
		EDB98AA529BA73160000C3B5 /* ProfileHost.swift */ = {isa = PBXFileReference; lastKnownFileType = sourcecode.swift; path = ProfileHost.swift; sourceTree = "<group>"; };
		EDB98AA729BA734A0000C3B5 /* ProfileSummary.swift */ = {isa = PBXFileReference; lastKnownFileType = sourcecode.swift; path = ProfileSummary.swift; sourceTree = "<group>"; };
		EDB98AA929BA73AB0000C3B5 /* HikeBadge.swift */ = {isa = PBXFileReference; lastKnownFileType = sourcecode.swift; path = HikeBadge.swift; sourceTree = "<group>"; };
		EDB98AAB29BA774A0000C3B5 /* ProfileEditor.swift */ = {isa = PBXFileReference; lastKnownFileType = sourcecode.swift; path = ProfileEditor.swift; sourceTree = "<group>"; };
		EDD743132A0E39DB00522F21 /* PageControl.swift */ = {isa = PBXFileReference; lastKnownFileType = sourcecode.swift; path = PageControl.swift; sourceTree = "<group>"; };
		EDD743192A0E3B8C00522F21 /* WatchLandmark Watch App.app */ = {isa = PBXFileReference; explicitFileType = wrapper.application; includeInIndex = 0; path = "WatchLandmark Watch App.app"; sourceTree = BUILT_PRODUCTS_DIR; };
		EDD7431D2A0E3B8C00522F21 /* ContentView.swift */ = {isa = PBXFileReference; lastKnownFileType = sourcecode.swift; path = ContentView.swift; sourceTree = "<group>"; };
		EDD743222A0E3B8D00522F21 /* Preview Assets.xcassets */ = {isa = PBXFileReference; lastKnownFileType = folder.assetcatalog; path = "Preview Assets.xcassets"; sourceTree = "<group>"; };
		EDD743392A0E3DBF00522F21 /* LandmarkDetail.swift */ = {isa = PBXFileReference; lastKnownFileType = sourcecode.swift; path = LandmarkDetail.swift; sourceTree = "<group>"; };
		EDD7433B2A0E3EBE00522F21 /* WatchLandmark-Watch-App-Info.plist */ = {isa = PBXFileReference; lastKnownFileType = text.plist; path = "WatchLandmark-Watch-App-Info.plist"; sourceTree = SOURCE_ROOT; };
		EDD7433C2A0E3EF800522F21 /* Assets.xcassets */ = {isa = PBXFileReference; lastKnownFileType = folder.assetcatalog; path = Assets.xcassets; sourceTree = "<group>"; };
		EDD7433E2A0E420300522F21 /* NotificationView.swift */ = {isa = PBXFileReference; lastKnownFileType = sourcecode.swift; path = NotificationView.swift; sourceTree = "<group>"; };
		EDD743402A0E424100522F21 /* NotificationController.swift */ = {isa = PBXFileReference; lastKnownFileType = sourcecode.swift; path = NotificationController.swift; sourceTree = "<group>"; };
		EDD743422A0E42E800522F21 /* WatchLandmark Watch App.entitlements */ = {isa = PBXFileReference; lastKnownFileType = text.plist.entitlements; path = "WatchLandmark Watch App.entitlements"; sourceTree = "<group>"; };
		EDD743472A0E440300522F21 /* MacLandmarks.app */ = {isa = PBXFileReference; explicitFileType = wrapper.application; includeInIndex = 0; path = MacLandmarks.app; sourceTree = BUILT_PRODUCTS_DIR; };
		EDD7434B2A0E440400522F21 /* ContentView.swift */ = {isa = PBXFileReference; lastKnownFileType = sourcecode.swift; path = ContentView.swift; sourceTree = "<group>"; };
		EDD7434D2A0E440600522F21 /* Assets.xcassets */ = {isa = PBXFileReference; lastKnownFileType = folder.assetcatalog; path = Assets.xcassets; sourceTree = "<group>"; };
		EDD743502A0E440600522F21 /* Preview Assets.xcassets */ = {isa = PBXFileReference; lastKnownFileType = folder.assetcatalog; path = "Preview Assets.xcassets"; sourceTree = "<group>"; };
		EDD743522A0E440600522F21 /* MacLandmarks.entitlements */ = {isa = PBXFileReference; lastKnownFileType = text.plist.entitlements; path = MacLandmarks.entitlements; sourceTree = "<group>"; };
		EDD743632A0E453100522F21 /* LandmarkDetail.swift */ = {isa = PBXFileReference; lastKnownFileType = sourcecode.swift; path = LandmarkDetail.swift; sourceTree = "<group>"; };
		EDD743652A0E48F400522F21 /* LandmarkList.swift */ = {isa = PBXFileReference; lastKnownFileType = sourcecode.swift; path = LandmarkList.swift; sourceTree = "<group>"; };
		EDD743672A0E4CE700522F21 /* LandmarkCommands.swift */ = {isa = PBXFileReference; lastKnownFileType = sourcecode.swift; path = LandmarkCommands.swift; sourceTree = "<group>"; };
		EDD7436A2A0E504800522F21 /* LandmarkSettings.swift */ = {isa = PBXFileReference; lastKnownFileType = sourcecode.swift; path = LandmarkSettings.swift; sourceTree = "<group>"; };
		EDE628FD29B5B9E900EF6165 /* LandmarkList.swift */ = {isa = PBXFileReference; lastKnownFileType = sourcecode.swift; path = LandmarkList.swift; sourceTree = "<group>"; };
		EDE628FF29B5BB4200EF6165 /* LandmarkDetail.swift */ = {isa = PBXFileReference; lastKnownFileType = sourcecode.swift; path = LandmarkDetail.swift; sourceTree = "<group>"; };
		EDEE122C29B5A40200072688 /* Landmarks.app */ = {isa = PBXFileReference; explicitFileType = wrapper.application; includeInIndex = 0; path = Landmarks.app; sourceTree = BUILT_PRODUCTS_DIR; };
		EDEE122F29B5A40200072688 /* LandmarksApp.swift */ = {isa = PBXFileReference; lastKnownFileType = sourcecode.swift; path = LandmarksApp.swift; sourceTree = "<group>"; };
		EDEE123129B5A40200072688 /* ContentView.swift */ = {isa = PBXFileReference; lastKnownFileType = sourcecode.swift; path = ContentView.swift; sourceTree = "<group>"; };
		EDEE123329B5A40300072688 /* Assets.xcassets */ = {isa = PBXFileReference; lastKnownFileType = folder.assetcatalog; path = Assets.xcassets; sourceTree = "<group>"; };
		EDEE123D29B5A9A800072688 /* CircleImage.swift */ = {isa = PBXFileReference; lastKnownFileType = sourcecode.swift; path = CircleImage.swift; sourceTree = "<group>"; };
		EDEE123F29B5ABFF00072688 /* MapView.swift */ = {isa = PBXFileReference; lastKnownFileType = sourcecode.swift; path = MapView.swift; sourceTree = "<group>"; };
		EDEE124529B5B1EC00072688 /* Landmark.swift */ = {isa = PBXFileReference; lastKnownFileType = sourcecode.swift; path = Landmark.swift; sourceTree = "<group>"; };
		EDEE124729B5B2CE00072688 /* ModelData.swift */ = {isa = PBXFileReference; lastKnownFileType = sourcecode.swift; path = ModelData.swift; sourceTree = "<group>"; };
		EDEE124C29B5B44400072688 /* LandmarkRow.swift */ = {isa = PBXFileReference; lastKnownFileType = sourcecode.swift; path = LandmarkRow.swift; sourceTree = "<group>"; };
/* End PBXFileReference section */

/* Begin PBXFrameworksBuildPhase section */
		EDD743162A0E3B8C00522F21 /* Frameworks */ = {
			isa = PBXFrameworksBuildPhase;
			buildActionMask = 2147483647;
			files = (
			);
			runOnlyForDeploymentPostprocessing = 0;
		};
		EDD743442A0E440300522F21 /* Frameworks */ = {
			isa = PBXFrameworksBuildPhase;
			buildActionMask = 2147483647;
			files = (
			);
			runOnlyForDeploymentPostprocessing = 0;
		};
		EDEE122929B5A40100072688 /* Frameworks */ = {
			isa = PBXFrameworksBuildPhase;
			buildActionMask = 2147483647;
			files = (
			);
			runOnlyForDeploymentPostprocessing = 0;
		};
/* End PBXFrameworksBuildPhase section */

/* Begin PBXGroup section */
		ED6640FD29B8158300562C71 /* Helpers */ = {
			isa = PBXGroup;
			children = (
				EDEE123D29B5A9A800072688 /* CircleImage.swift */,
				EDEE123F29B5ABFF00072688 /* MapView.swift */,
				ED6640FB29B813F000562C71 /* FavoriteButton.swift */,
			);
			path = Helpers;
			sourceTree = "<group>";
		};
		ED6640FE29B8159700562C71 /* Landmarks */ = {
			isa = PBXGroup;
			children = (
				EDEE124C29B5B44400072688 /* LandmarkRow.swift */,
				EDE628FD29B5B9E900EF6165 /* LandmarkList.swift */,
				EDE628FF29B5BB4200EF6165 /* LandmarkDetail.swift */,
			);
			path = Landmarks;
			sourceTree = "<group>";
		};
		ED7F069029BBBAC30064E398 /* PageView */ = {
			isa = PBXGroup;
			children = (
				ED7F069129BBBAD80064E398 /* PageViewController.swift */,
				ED7F069329BBBD440064E398 /* FeatureCard.swift */,
				ED7F069729BBCC300064E398 /* PageView.swift */,
				EDD743132A0E39DB00522F21 /* PageControl.swift */,
			);
			path = PageView;
			sourceTree = "<group>";
		};
		EDB98A8929B98EFA0000C3B5 /* Badges */ = {
			isa = PBXGroup;
			children = (
				EDB98A7F29B9887C0000C3B5 /* HexagonParameters.swift */,
				EDB98A8129B98A060000C3B5 /* BadgeBackground.swift */,
				EDB98A8329B98C690000C3B5 /* BadgeSymbol.swift */,
				EDB98A8529B98CD80000C3B5 /* RotatedBadgeSymbol.swift */,
				EDB98A8729B98E630000C3B5 /* Badge.swift */,
				EDB98AA929BA73AB0000C3B5 /* HikeBadge.swift */,
			);
			path = Badges;
			sourceTree = "<group>";
		};
		EDB98A9029B993CF0000C3B5 /* Hikes */ = {
			isa = PBXGroup;
			children = (
				EDB98A9129B993CF0000C3B5 /* GraphCapsule.swift */,
				EDB98A9229B993CF0000C3B5 /* HikeGraph.swift */,
				EDB98A9329B993CF0000C3B5 /* HikeDetail.swift */,
				EDB98A9429B993CF0000C3B5 /* HikeView.swift */,
			);
			path = Hikes;
			sourceTree = "<group>";
		};
		EDB98A9929BA62310000C3B5 /* Categories */ = {
			isa = PBXGroup;
			children = (
				EDB98A9A29BA626C0000C3B5 /* CategoryHome.swift */,
				EDB98A9C29BA64120000C3B5 /* CategoryRow.swift */,
				EDB98A9E29BA65510000C3B5 /* CategoryItem.swift */,
			);
			path = Categories;
			sourceTree = "<group>";
		};
		EDB98AA429BA6DFC0000C3B5 /* Profiles */ = {
			isa = PBXGroup;
			children = (
				EDB98AA529BA73160000C3B5 /* ProfileHost.swift */,
				EDB98AA729BA734A0000C3B5 /* ProfileSummary.swift */,
				EDB98AAB29BA774A0000C3B5 /* ProfileEditor.swift */,
			);
			path = Profiles;
			sourceTree = "<group>";
		};
		EDD7431A2A0E3B8C00522F21 /* WatchLandmark Watch App */ = {
			isa = PBXGroup;
			children = (
				EDD743422A0E42E800522F21 /* WatchLandmark Watch App.entitlements */,
				EDD7433B2A0E3EBE00522F21 /* WatchLandmark-Watch-App-Info.plist */,
				EDD7431D2A0E3B8C00522F21 /* ContentView.swift */,
				EDD743392A0E3DBF00522F21 /* LandmarkDetail.swift */,
				EDD7433C2A0E3EF800522F21 /* Assets.xcassets */,
				EDD743212A0E3B8D00522F21 /* Preview Content */,
				EDD7433E2A0E420300522F21 /* NotificationView.swift */,
				EDD743402A0E424100522F21 /* NotificationController.swift */,
				EDD743652A0E48F400522F21 /* LandmarkList.swift */,
			);
			path = "WatchLandmark Watch App";
			sourceTree = "<group>";
		};
		EDD743212A0E3B8D00522F21 /* Preview Content */ = {
			isa = PBXGroup;
			children = (
				EDD743222A0E3B8D00522F21 /* Preview Assets.xcassets */,
			);
			path = "Preview Content";
			sourceTree = "<group>";
		};
		EDD743482A0E440400522F21 /* MacLandmarks */ = {
			isa = PBXGroup;
			children = (
				EDD7434B2A0E440400522F21 /* ContentView.swift */,
				EDD743632A0E453100522F21 /* LandmarkDetail.swift */,
				EDD743672A0E4CE700522F21 /* LandmarkCommands.swift */,
				EDD7436A2A0E504800522F21 /* LandmarkSettings.swift */,
				EDD7434D2A0E440600522F21 /* Assets.xcassets */,
				EDD743522A0E440600522F21 /* MacLandmarks.entitlements */,
				EDD7434F2A0E440600522F21 /* Preview Content */,
			);
			path = MacLandmarks;
			sourceTree = "<group>";
		};
		EDD7434F2A0E440600522F21 /* Preview Content */ = {
			isa = PBXGroup;
			children = (
				EDD743502A0E440600522F21 /* Preview Assets.xcassets */,
			);
			path = "Preview Content";
			sourceTree = "<group>";
		};
		EDEE122329B5A40100072688 = {
			isa = PBXGroup;
			children = (
				EDEE122E29B5A40200072688 /* Landmarks */,
				EDD7431A2A0E3B8C00522F21 /* WatchLandmark Watch App */,
				EDD743482A0E440400522F21 /* MacLandmarks */,
				EDEE122D29B5A40200072688 /* Products */,
			);
			sourceTree = "<group>";
		};
		EDEE122D29B5A40200072688 /* Products */ = {
			isa = PBXGroup;
			children = (
				EDEE122C29B5A40200072688 /* Landmarks.app */,
				EDD743192A0E3B8C00522F21 /* WatchLandmark Watch App.app */,
				EDD743472A0E440300522F21 /* MacLandmarks.app */,
			);
			name = Products;
			sourceTree = "<group>";
		};
		EDEE122E29B5A40200072688 /* Landmarks */ = {
			isa = PBXGroup;
			children = (
				EDEE122F29B5A40200072688 /* LandmarksApp.swift */,
				EDEE124B29B5B41100072688 /* Resources  */,
				EDEE124A29B5B3E100072688 /* Model */,
				EDEE124929B5B3D000072688 /* Views */,
				EDEE123329B5A40300072688 /* Assets.xcassets */,
			);
			path = Landmarks;
			sourceTree = "<group>";
		};
		EDEE124929B5B3D000072688 /* Views */ = {
			isa = PBXGroup;
			children = (
				EDEE123129B5A40200072688 /* ContentView.swift */,
				ED7F069029BBBAC30064E398 /* PageView */,
				EDB98AA429BA6DFC0000C3B5 /* Profiles */,
				EDB98A8929B98EFA0000C3B5 /* Badges */,
				EDB98A9929BA62310000C3B5 /* Categories */,
				ED6640FD29B8158300562C71 /* Helpers */,
				EDB98A9029B993CF0000C3B5 /* Hikes */,
				ED6640FE29B8159700562C71 /* Landmarks */,
			);
			path = Views;
			sourceTree = "<group>";
		};
		EDEE124A29B5B3E100072688 /* Model */ = {
			isa = PBXGroup;
			children = (
				EDEE124529B5B1EC00072688 /* Landmark.swift */,
				EDEE124729B5B2CE00072688 /* ModelData.swift */,
				EDB98A8E29B9937C0000C3B5 /* Hike.swift */,
				EDB98AA229BA6DDF0000C3B5 /* Profile.swift */,
			);
			path = Model;
			sourceTree = "<group>";
		};
		EDEE124B29B5B41100072688 /* Resources  */ = {
			isa = PBXGroup;
			children = (
				ED7F069529BBBDEB0064E398 /* landmarkData.json */,
				EDB98A8A29B993140000C3B5 /* hikeData.json */,
			);
			path = "Resources ";
			sourceTree = "<group>";
		};
/* End PBXGroup section */

/* Begin PBXNativeTarget section */
		EDD743182A0E3B8C00522F21 /* WatchLandmark Watch App */ = {
			isa = PBXNativeTarget;
			buildConfigurationList = EDD743272A0E3B8D00522F21 /* Build configuration list for PBXNativeTarget "WatchLandmark Watch App" */;
			buildPhases = (
				EDD743152A0E3B8C00522F21 /* Sources */,
				EDD743162A0E3B8C00522F21 /* Frameworks */,
				EDD743172A0E3B8C00522F21 /* Resources */,
			);
			buildRules = (
			);
			dependencies = (
			);
			name = "WatchLandmark Watch App";
			productName = "WatchLandmark Watch App";
			productReference = EDD743192A0E3B8C00522F21 /* WatchLandmark Watch App.app */;
			productType = "com.apple.product-type.application";
		};
		EDD743462A0E440300522F21 /* MacLandmarks */ = {
			isa = PBXNativeTarget;
			buildConfigurationList = EDD743532A0E440600522F21 /* Build configuration list for PBXNativeTarget "MacLandmarks" */;
			buildPhases = (
				EDD743432A0E440300522F21 /* Sources */,
				EDD743442A0E440300522F21 /* Frameworks */,
				EDD743452A0E440300522F21 /* Resources */,
			);
			buildRules = (
			);
			dependencies = (
			);
			name = MacLandmarks;
			productName = MacLandmarks;
			productReference = EDD743472A0E440300522F21 /* MacLandmarks.app */;
			productType = "com.apple.product-type.application";
		};
		EDEE122B29B5A40100072688 /* Landmarks */ = {
			isa = PBXNativeTarget;
			buildConfigurationList = EDEE123A29B5A40300072688 /* Build configuration list for PBXNativeTarget "Landmarks" */;
			buildPhases = (
				EDEE122829B5A40100072688 /* Sources */,
				EDEE122929B5A40100072688 /* Frameworks */,
				EDEE122A29B5A40100072688 /* Resources */,
				EDD7432A2A0E3B8D00522F21 /* Embed Watch Content */,
			);
			buildRules = (
			);
			dependencies = (
				EDD743252A0E3B8D00522F21 /* PBXTargetDependency */,
			);
			name = Landmarks;
			productName = Landmarks;
			productReference = EDEE122C29B5A40200072688 /* Landmarks.app */;
			productType = "com.apple.product-type.application";
		};
/* End PBXNativeTarget section */

/* Begin PBXProject section */
		EDEE122429B5A40100072688 /* Project object */ = {
			isa = PBXProject;
			attributes = {
				BuildIndependentTargetsInParallel = 1;
				LastSwiftUpdateCheck = 1430;
				LastUpgradeCheck = 1420;
				TargetAttributes = {
					EDD743182A0E3B8C00522F21 = {
						CreatedOnToolsVersion = 14.3;
					};
					EDD743462A0E440300522F21 = {
						CreatedOnToolsVersion = 14.3;
					};
					EDEE122B29B5A40100072688 = {
						CreatedOnToolsVersion = 14.2;
					};
				};
			};
			buildConfigurationList = EDEE122729B5A40100072688 /* Build configuration list for PBXProject "Landmarks" */;
			compatibilityVersion = "Xcode 14.0";
			developmentRegion = en;
			hasScannedForEncodings = 0;
			knownRegions = (
				en,
				Base,
			);
			mainGroup = EDEE122329B5A40100072688;
			productRefGroup = EDEE122D29B5A40200072688 /* Products */;
			projectDirPath = "";
			projectRoot = "";
			targets = (
				EDEE122B29B5A40100072688 /* Landmarks */,
				EDD743182A0E3B8C00522F21 /* WatchLandmark Watch App */,
				EDD743462A0E440300522F21 /* MacLandmarks */,
			);
		};
/* End PBXProject section */

/* Begin PBXResourcesBuildPhase section */
		EDD743172A0E3B8C00522F21 /* Resources */ = {
			isa = PBXResourcesBuildPhase;
			buildActionMask = 2147483647;
			files = (
				EDD7433D2A0E3EF800522F21 /* Assets.xcassets in Resources */,
				EDD7432E2A0E3CE700522F21 /* hikeData.json in Resources */,
				EDD743232A0E3B8D00522F21 /* Preview Assets.xcassets in Resources */,
				EDD7432D2A0E3CE700522F21 /* landmarkData.json in Resources */,
				EDD743362A0E3CE700522F21 /* Assets.xcassets in Resources */,
			);
			runOnlyForDeploymentPostprocessing = 0;
		};
		EDD743452A0E440300522F21 /* Resources */ = {
			isa = PBXResourcesBuildPhase;
			buildActionMask = 2147483647;
			files = (
				EDD743512A0E440600522F21 /* Preview Assets.xcassets in Resources */,
				EDD7435A2A0E44AA00522F21 /* hikeData.json in Resources */,
				EDD7435B2A0E44AA00522F21 /* Assets.xcassets in Resources */,
				EDD743612A0E44AA00522F21 /* landmarkData.json in Resources */,
				EDD7434E2A0E440600522F21 /* Assets.xcassets in Resources */,
			);
			runOnlyForDeploymentPostprocessing = 0;
		};
		EDEE122A29B5A40100072688 /* Resources */ = {
			isa = PBXResourcesBuildPhase;
			buildActionMask = 2147483647;
			files = (
				EDEE123429B5A40300072688 /* Assets.xcassets in Resources */,
				ED7F069629BBBDEB0064E398 /* landmarkData.json in Resources */,
				EDB98A8B29B993140000C3B5 /* hikeData.json in Resources */,
			);
			runOnlyForDeploymentPostprocessing = 0;
		};
/* End PBXResourcesBuildPhase section */

/* Begin PBXSourcesBuildPhase section */
		EDD743152A0E3B8C00522F21 /* Sources */ = {
			isa = PBXSourcesBuildPhase;
			buildActionMask = 2147483647;
			files = (
				EDD743312A0E3CE700522F21 /* Hike.swift in Sources */,
				EDD7431E2A0E3B8C00522F21 /* ContentView.swift in Sources */,
				EDD7432C2A0E3CE700522F21 /* MapView.swift in Sources */,
				EDD743662A0E48F400522F21 /* LandmarkList.swift in Sources */,
				EDD743332A0E3CE700522F21 /* LandmarksApp.swift in Sources */,
				EDD743322A0E3CE700522F21 /* Profile.swift in Sources */,
				EDD743342A0E3CE700522F21 /* Landmark.swift in Sources */,
				EDD7432B2A0E3CE700522F21 /* ModelData.swift in Sources */,
				EDD743302A0E3CE700522F21 /* LandmarkRow.swift in Sources */,
				EDD743412A0E424100522F21 /* NotificationController.swift in Sources */,
				EDD743352A0E3CE700522F21 /* CircleImage.swift in Sources */,
				EDD7433A2A0E3DBF00522F21 /* LandmarkDetail.swift in Sources */,
				EDD7433F2A0E420300522F21 /* NotificationView.swift in Sources */,
			);
			runOnlyForDeploymentPostprocessing = 0;
		};
		EDD743432A0E440300522F21 /* Sources */ = {
			isa = PBXSourcesBuildPhase;
			buildActionMask = 2147483647;
			files = (
				EDD743562A0E44AA00522F21 /* Hike.swift in Sources */,
				EDD7435E2A0E44AA00522F21 /* Profile.swift in Sources */,
				EDD7436B2A0E504800522F21 /* LandmarkSettings.swift in Sources */,
				EDD7435D2A0E44AA00522F21 /* LandmarksApp.swift in Sources */,
				EDD743622A0E44AA00522F21 /* MapView.swift in Sources */,
				EDD743692A0E4CE700522F21 /* LandmarkCommands.swift in Sources */,
				EDD743642A0E453100522F21 /* LandmarkDetail.swift in Sources */,
				EDD7435C2A0E44AA00522F21 /* LandmarkList.swift in Sources */,
				EDD743582A0E44AA00522F21 /* ModelData.swift in Sources */,
				EDD7435F2A0E44AA00522F21 /* Landmark.swift in Sources */,
				EDD7434C2A0E440400522F21 /* ContentView.swift in Sources */,
				EDD743592A0E44AA00522F21 /* FavoriteButton.swift in Sources */,
				EDD743602A0E44AA00522F21 /* LandmarkRow.swift in Sources */,
				EDD743572A0E44AA00522F21 /* CircleImage.swift in Sources */,
			);
			runOnlyForDeploymentPostprocessing = 0;
		};
		EDEE122829B5A40100072688 /* Sources */ = {
			isa = PBXSourcesBuildPhase;
			buildActionMask = 2147483647;
			files = (
				EDB98A9D29BA64120000C3B5 /* CategoryRow.swift in Sources */,
				EDB98AA329BA6DDF0000C3B5 /* Profile.swift in Sources */,
				EDD743682A0E4CE700522F21 /* LandmarkCommands.swift in Sources */,
				EDEE123229B5A40200072688 /* ContentView.swift in Sources */,
				EDB98A9B29BA626C0000C3B5 /* CategoryHome.swift in Sources */,
				ED7F069429BBBD440064E398 /* FeatureCard.swift in Sources */,
				EDB98A9629B993CF0000C3B5 /* HikeGraph.swift in Sources */,
				EDB98A8829B98E630000C3B5 /* Badge.swift in Sources */,
				EDEE124029B5ABFF00072688 /* MapView.swift in Sources */,
				EDB98A9529B993CF0000C3B5 /* GraphCapsule.swift in Sources */,
				EDEE123029B5A40200072688 /* LandmarksApp.swift in Sources */,
				EDD743142A0E39DB00522F21 /* PageControl.swift in Sources */,
				ED6640FC29B813F000562C71 /* FavoriteButton.swift in Sources */,
				EDB98A9F29BA65510000C3B5 /* CategoryItem.swift in Sources */,
				EDB98A9729B993CF0000C3B5 /* HikeDetail.swift in Sources */,
				EDB98AA829BA734A0000C3B5 /* ProfileSummary.swift in Sources */,
				EDB98A8029B9887C0000C3B5 /* HexagonParameters.swift in Sources */,
				EDB98AA629BA73160000C3B5 /* ProfileHost.swift in Sources */,
				EDB98A8F29B9937C0000C3B5 /* Hike.swift in Sources */,
				EDB98A8629B98CD80000C3B5 /* RotatedBadgeSymbol.swift in Sources */,
				ED7F069829BBCC300064E398 /* PageView.swift in Sources */,
				EDB98A8429B98C690000C3B5 /* BadgeSymbol.swift in Sources */,
				EDE628FE29B5B9E900EF6165 /* LandmarkList.swift in Sources */,
				EDB98A9829B993CF0000C3B5 /* HikeView.swift in Sources */,
				EDE6290029B5BB4200EF6165 /* LandmarkDetail.swift in Sources */,
				EDB98A8229B98A060000C3B5 /* BadgeBackground.swift in Sources */,
				ED7F069229BBBAD80064E398 /* PageViewController.swift in Sources */,
				EDB98AAC29BA774A0000C3B5 /* ProfileEditor.swift in Sources */,
				EDB98AAA29BA73AB0000C3B5 /* HikeBadge.swift in Sources */,
				EDEE123E29B5A9A800072688 /* CircleImage.swift in Sources */,
				EDEE124629B5B1EC00072688 /* Landmark.swift in Sources */,
				EDEE124D29B5B44400072688 /* LandmarkRow.swift in Sources */,
				EDEE124829B5B2CE00072688 /* ModelData.swift in Sources */,
			);
			runOnlyForDeploymentPostprocessing = 0;
		};
/* End PBXSourcesBuildPhase section */

/* Begin PBXTargetDependency section */
		EDD743252A0E3B8D00522F21 /* PBXTargetDependency */ = {
			isa = PBXTargetDependency;
			target = EDD743182A0E3B8C00522F21 /* WatchLandmark Watch App */;
			targetProxy = EDD743242A0E3B8D00522F21 /* PBXContainerItemProxy */;
		};
/* End PBXTargetDependency section */

/* Begin XCBuildConfiguration section */
		EDD743282A0E3B8D00522F21 /* Debug */ = {
			isa = XCBuildConfiguration;
			buildSettings = {
				ASSETCATALOG_COMPILER_APPICON_NAME = AppIcon;
				ASSETCATALOG_COMPILER_GLOBAL_ACCENT_COLOR_NAME = AccentColor;
				CODE_SIGN_ENTITLEMENTS = "WatchLandmark Watch App/WatchLandmark Watch App.entitlements";
				CODE_SIGN_STYLE = Automatic;
				CURRENT_PROJECT_VERSION = 1;
				DEVELOPMENT_ASSET_PATHS = "\"WatchLandmark Watch App/Preview Content\"";
				DEVELOPMENT_TEAM = 3KMG2UF7WZ;
				ENABLE_PREVIEWS = YES;
				GENERATE_INFOPLIST_FILE = YES;
				INFOPLIST_FILE = "WatchLandmark-Watch-App-Info.plist";
				INFOPLIST_KEY_CFBundleDisplayName = WatchLandmark;
				INFOPLIST_KEY_UISupportedInterfaceOrientations = "UIInterfaceOrientationPortrait UIInterfaceOrientationPortraitUpsideDown";
				INFOPLIST_KEY_WKCompanionAppBundleIdentifier = com.appmade.Landmarks;
				INFOPLIST_KEY_WKRunsIndependentlyOfCompanionApp = YES;
				LD_RUNPATH_SEARCH_PATHS = (
					"$(inherited)",
					"@executable_path/Frameworks",
				);
				MARKETING_VERSION = 1.0;
				PRODUCT_BUNDLE_IDENTIFIER = com.appmade.Landmarks.watchkitapp;
				PRODUCT_NAME = "$(TARGET_NAME)";
				SDKROOT = watchos;
				SKIP_INSTALL = YES;
				SWIFT_EMIT_LOC_STRINGS = YES;
				SWIFT_VERSION = 5.0;
				TARGETED_DEVICE_FAMILY = 4;
				WATCHOS_DEPLOYMENT_TARGET = 9.4;
			};
			name = Debug;
		};
		EDD743292A0E3B8D00522F21 /* Release */ = {
			isa = XCBuildConfiguration;
			buildSettings = {
				ASSETCATALOG_COMPILER_APPICON_NAME = AppIcon;
				ASSETCATALOG_COMPILER_GLOBAL_ACCENT_COLOR_NAME = AccentColor;
				CODE_SIGN_ENTITLEMENTS = "WatchLandmark Watch App/WatchLandmark Watch App.entitlements";
				CODE_SIGN_STYLE = Automatic;
				CURRENT_PROJECT_VERSION = 1;
				DEVELOPMENT_ASSET_PATHS = "\"WatchLandmark Watch App/Preview Content\"";
				DEVELOPMENT_TEAM = 3KMG2UF7WZ;
				ENABLE_PREVIEWS = YES;
				GENERATE_INFOPLIST_FILE = YES;
				INFOPLIST_FILE = "WatchLandmark-Watch-App-Info.plist";
				INFOPLIST_KEY_CFBundleDisplayName = WatchLandmark;
				INFOPLIST_KEY_UISupportedInterfaceOrientations = "UIInterfaceOrientationPortrait UIInterfaceOrientationPortraitUpsideDown";
				INFOPLIST_KEY_WKCompanionAppBundleIdentifier = com.appmade.Landmarks;
				INFOPLIST_KEY_WKRunsIndependentlyOfCompanionApp = YES;
				LD_RUNPATH_SEARCH_PATHS = (
					"$(inherited)",
					"@executable_path/Frameworks",
				);
				MARKETING_VERSION = 1.0;
				PRODUCT_BUNDLE_IDENTIFIER = com.appmade.Landmarks.watchkitapp;
				PRODUCT_NAME = "$(TARGET_NAME)";
				SDKROOT = watchos;
				SKIP_INSTALL = YES;
				SWIFT_EMIT_LOC_STRINGS = YES;
				SWIFT_VERSION = 5.0;
				TARGETED_DEVICE_FAMILY = 4;
				WATCHOS_DEPLOYMENT_TARGET = 9.4;
			};
			name = Release;
		};
		EDD743542A0E440600522F21 /* Debug */ = {
			isa = XCBuildConfiguration;
			buildSettings = {
				ASSETCATALOG_COMPILER_APPICON_NAME = AppIcon;
				ASSETCATALOG_COMPILER_GLOBAL_ACCENT_COLOR_NAME = AccentColor;
				CODE_SIGN_ENTITLEMENTS = MacLandmarks/MacLandmarks.entitlements;
				CODE_SIGN_STYLE = Automatic;
				COMBINE_HIDPI_IMAGES = YES;
				CURRENT_PROJECT_VERSION = 1;
				DEVELOPMENT_ASSET_PATHS = "\"MacLandmarks/Preview Content\"";
				DEVELOPMENT_TEAM = 3KMG2UF7WZ;
				ENABLE_HARDENED_RUNTIME = YES;
				ENABLE_PREVIEWS = YES;
				GENERATE_INFOPLIST_FILE = YES;
				INFOPLIST_KEY_NSHumanReadableCopyright = "";
				LD_RUNPATH_SEARCH_PATHS = (
					"$(inherited)",
					"@executable_path/../Frameworks",
				);
				MACOSX_DEPLOYMENT_TARGET = 13.3;
				MARKETING_VERSION = 1.0;
				PRODUCT_BUNDLE_IDENTIFIER = com.lesscoded.MacLandmarks;
				PRODUCT_NAME = "$(TARGET_NAME)";
				SDKROOT = macosx;
				SWIFT_EMIT_LOC_STRINGS = YES;
				SWIFT_VERSION = 5.0;
			};
			name = Debug;
		};
		EDD743552A0E440600522F21 /* Release */ = {
			isa = XCBuildConfiguration;
			buildSettings = {
				ASSETCATALOG_COMPILER_APPICON_NAME = AppIcon;
				ASSETCATALOG_COMPILER_GLOBAL_ACCENT_COLOR_NAME = AccentColor;
				CODE_SIGN_ENTITLEMENTS = MacLandmarks/MacLandmarks.entitlements;
				CODE_SIGN_STYLE = Automatic;
				COMBINE_HIDPI_IMAGES = YES;
				CURRENT_PROJECT_VERSION = 1;
				DEVELOPMENT_ASSET_PATHS = "\"MacLandmarks/Preview Content\"";
				DEVELOPMENT_TEAM = 3KMG2UF7WZ;
				ENABLE_HARDENED_RUNTIME = YES;
				ENABLE_PREVIEWS = YES;
				GENERATE_INFOPLIST_FILE = YES;
				INFOPLIST_KEY_NSHumanReadableCopyright = "";
				LD_RUNPATH_SEARCH_PATHS = (
					"$(inherited)",
					"@executable_path/../Frameworks",
				);
				MACOSX_DEPLOYMENT_TARGET = 13.3;
				MARKETING_VERSION = 1.0;
				PRODUCT_BUNDLE_IDENTIFIER = com.lesscoded.MacLandmarks;
				PRODUCT_NAME = "$(TARGET_NAME)";
				SDKROOT = macosx;
				SWIFT_EMIT_LOC_STRINGS = YES;
				SWIFT_VERSION = 5.0;
			};
			name = Release;
		};
		EDEE123829B5A40300072688 /* Debug */ = {
			isa = XCBuildConfiguration;
			buildSettings = {
				ALWAYS_SEARCH_USER_PATHS = NO;
				CLANG_ANALYZER_NONNULL = YES;
				CLANG_ANALYZER_NUMBER_OBJECT_CONVERSION = YES_AGGRESSIVE;
				CLANG_CXX_LANGUAGE_STANDARD = "gnu++20";
				CLANG_ENABLE_MODULES = YES;
				CLANG_ENABLE_OBJC_ARC = YES;
				CLANG_ENABLE_OBJC_WEAK = YES;
				CLANG_WARN_BLOCK_CAPTURE_AUTORELEASING = YES;
				CLANG_WARN_BOOL_CONVERSION = YES;
				CLANG_WARN_COMMA = YES;
				CLANG_WARN_CONSTANT_CONVERSION = YES;
				CLANG_WARN_DEPRECATED_OBJC_IMPLEMENTATIONS = YES;
				CLANG_WARN_DIRECT_OBJC_ISA_USAGE = YES_ERROR;
				CLANG_WARN_DOCUMENTATION_COMMENTS = YES;
				CLANG_WARN_EMPTY_BODY = YES;
				CLANG_WARN_ENUM_CONVERSION = YES;
				CLANG_WARN_INFINITE_RECURSION = YES;
				CLANG_WARN_INT_CONVERSION = YES;
				CLANG_WARN_NON_LITERAL_NULL_CONVERSION = YES;
				CLANG_WARN_OBJC_IMPLICIT_RETAIN_SELF = YES;
				CLANG_WARN_OBJC_LITERAL_CONVERSION = YES;
				CLANG_WARN_OBJC_ROOT_CLASS = YES_ERROR;
				CLANG_WARN_QUOTED_INCLUDE_IN_FRAMEWORK_HEADER = YES;
				CLANG_WARN_RANGE_LOOP_ANALYSIS = YES;
				CLANG_WARN_STRICT_PROTOTYPES = YES;
				CLANG_WARN_SUSPICIOUS_MOVE = YES;
				CLANG_WARN_UNGUARDED_AVAILABILITY = YES_AGGRESSIVE;
				CLANG_WARN_UNREACHABLE_CODE = YES;
				CLANG_WARN__DUPLICATE_METHOD_MATCH = YES;
				COPY_PHASE_STRIP = NO;
				DEBUG_INFORMATION_FORMAT = dwarf;
				ENABLE_STRICT_OBJC_MSGSEND = YES;
				ENABLE_TESTABILITY = YES;
				GCC_C_LANGUAGE_STANDARD = gnu11;
				GCC_DYNAMIC_NO_PIC = NO;
				GCC_NO_COMMON_BLOCKS = YES;
				GCC_OPTIMIZATION_LEVEL = 0;
				GCC_PREPROCESSOR_DEFINITIONS = (
					"DEBUG=1",
					"$(inherited)",
				);
				GCC_WARN_64_TO_32_BIT_CONVERSION = YES;
				GCC_WARN_ABOUT_RETURN_TYPE = YES_ERROR;
				GCC_WARN_UNDECLARED_SELECTOR = YES;
				GCC_WARN_UNINITIALIZED_AUTOS = YES_AGGRESSIVE;
				GCC_WARN_UNUSED_FUNCTION = YES;
				GCC_WARN_UNUSED_VARIABLE = YES;
				IPHONEOS_DEPLOYMENT_TARGET = 16.2;
				MTL_ENABLE_DEBUG_INFO = INCLUDE_SOURCE;
				MTL_FAST_MATH = YES;
				ONLY_ACTIVE_ARCH = YES;
				SDKROOT = iphoneos;
				SWIFT_ACTIVE_COMPILATION_CONDITIONS = DEBUG;
				SWIFT_OPTIMIZATION_LEVEL = "-Onone";
			};
			name = Debug;
		};
		EDEE123929B5A40300072688 /* Release */ = {
			isa = XCBuildConfiguration;
			buildSettings = {
				ALWAYS_SEARCH_USER_PATHS = NO;
				CLANG_ANALYZER_NONNULL = YES;
				CLANG_ANALYZER_NUMBER_OBJECT_CONVERSION = YES_AGGRESSIVE;
				CLANG_CXX_LANGUAGE_STANDARD = "gnu++20";
				CLANG_ENABLE_MODULES = YES;
				CLANG_ENABLE_OBJC_ARC = YES;
				CLANG_ENABLE_OBJC_WEAK = YES;
				CLANG_WARN_BLOCK_CAPTURE_AUTORELEASING = YES;
				CLANG_WARN_BOOL_CONVERSION = YES;
				CLANG_WARN_COMMA = YES;
				CLANG_WARN_CONSTANT_CONVERSION = YES;
				CLANG_WARN_DEPRECATED_OBJC_IMPLEMENTATIONS = YES;
				CLANG_WARN_DIRECT_OBJC_ISA_USAGE = YES_ERROR;
				CLANG_WARN_DOCUMENTATION_COMMENTS = YES;
				CLANG_WARN_EMPTY_BODY = YES;
				CLANG_WARN_ENUM_CONVERSION = YES;
				CLANG_WARN_INFINITE_RECURSION = YES;
				CLANG_WARN_INT_CONVERSION = YES;
				CLANG_WARN_NON_LITERAL_NULL_CONVERSION = YES;
				CLANG_WARN_OBJC_IMPLICIT_RETAIN_SELF = YES;
				CLANG_WARN_OBJC_LITERAL_CONVERSION = YES;
				CLANG_WARN_OBJC_ROOT_CLASS = YES_ERROR;
				CLANG_WARN_QUOTED_INCLUDE_IN_FRAMEWORK_HEADER = YES;
				CLANG_WARN_RANGE_LOOP_ANALYSIS = YES;
				CLANG_WARN_STRICT_PROTOTYPES = YES;
				CLANG_WARN_SUSPICIOUS_MOVE = YES;
				CLANG_WARN_UNGUARDED_AVAILABILITY = YES_AGGRESSIVE;
				CLANG_WARN_UNREACHABLE_CODE = YES;
				CLANG_WARN__DUPLICATE_METHOD_MATCH = YES;
				COPY_PHASE_STRIP = NO;
				DEBUG_INFORMATION_FORMAT = "dwarf-with-dsym";
				ENABLE_NS_ASSERTIONS = NO;
				ENABLE_STRICT_OBJC_MSGSEND = YES;
				GCC_C_LANGUAGE_STANDARD = gnu11;
				GCC_NO_COMMON_BLOCKS = YES;
				GCC_WARN_64_TO_32_BIT_CONVERSION = YES;
				GCC_WARN_ABOUT_RETURN_TYPE = YES_ERROR;
				GCC_WARN_UNDECLARED_SELECTOR = YES;
				GCC_WARN_UNINITIALIZED_AUTOS = YES_AGGRESSIVE;
				GCC_WARN_UNUSED_FUNCTION = YES;
				GCC_WARN_UNUSED_VARIABLE = YES;
				IPHONEOS_DEPLOYMENT_TARGET = 16.2;
				MTL_ENABLE_DEBUG_INFO = NO;
				MTL_FAST_MATH = YES;
				SDKROOT = iphoneos;
				SWIFT_COMPILATION_MODE = wholemodule;
				SWIFT_OPTIMIZATION_LEVEL = "-O";
				VALIDATE_PRODUCT = YES;
			};
			name = Release;
		};
		EDEE123B29B5A40300072688 /* Debug */ = {
			isa = XCBuildConfiguration;
			buildSettings = {
				ALWAYS_EMBED_SWIFT_STANDARD_LIBRARIES = YES;
				ASSETCATALOG_COMPILER_APPICON_NAME = AppIcon;
				ASSETCATALOG_COMPILER_GLOBAL_ACCENT_COLOR_NAME = AccentColor;
				CODE_SIGN_STYLE = Automatic;
				CURRENT_PROJECT_VERSION = 1;
				DEVELOPMENT_ASSET_PATHS = "";
				DEVELOPMENT_TEAM = 3KMG2UF7WZ;
				ENABLE_PREVIEWS = YES;
				GENERATE_INFOPLIST_FILE = YES;
				INFOPLIST_KEY_UIApplicationSceneManifest_Generation = YES;
				INFOPLIST_KEY_UIApplicationSupportsIndirectInputEvents = YES;
				INFOPLIST_KEY_UILaunchScreen_Generation = YES;
				INFOPLIST_KEY_UISupportedInterfaceOrientations_iPad = "UIInterfaceOrientationPortrait UIInterfaceOrientationPortraitUpsideDown UIInterfaceOrientationLandscapeLeft UIInterfaceOrientationLandscapeRight";
				INFOPLIST_KEY_UISupportedInterfaceOrientations_iPhone = "UIInterfaceOrientationPortrait UIInterfaceOrientationLandscapeLeft UIInterfaceOrientationLandscapeRight";
				LD_RUNPATH_SEARCH_PATHS = (
					"$(inherited)",
					"@executable_path/Frameworks",
				);
				MARKETING_VERSION = 1.0;
				PRODUCT_BUNDLE_IDENTIFIER = com.appmade.Landmarks;
				PRODUCT_NAME = "$(TARGET_NAME)";
				SWIFT_EMIT_LOC_STRINGS = YES;
				SWIFT_VERSION = 5.0;
				TARGETED_DEVICE_FAMILY = "1,2";
			};
			name = Debug;
		};
		EDEE123C29B5A40300072688 /* Release */ = {
			isa = XCBuildConfiguration;
			buildSettings = {
				ALWAYS_EMBED_SWIFT_STANDARD_LIBRARIES = YES;
				ASSETCATALOG_COMPILER_APPICON_NAME = AppIcon;
				ASSETCATALOG_COMPILER_GLOBAL_ACCENT_COLOR_NAME = AccentColor;
				CODE_SIGN_STYLE = Automatic;
				CURRENT_PROJECT_VERSION = 1;
				DEVELOPMENT_ASSET_PATHS = "";
				DEVELOPMENT_TEAM = 3KMG2UF7WZ;
				ENABLE_PREVIEWS = YES;
				GENERATE_INFOPLIST_FILE = YES;
				INFOPLIST_KEY_UIApplicationSceneManifest_Generation = YES;
				INFOPLIST_KEY_UIApplicationSupportsIndirectInputEvents = YES;
				INFOPLIST_KEY_UILaunchScreen_Generation = YES;
				INFOPLIST_KEY_UISupportedInterfaceOrientations_iPad = "UIInterfaceOrientationPortrait UIInterfaceOrientationPortraitUpsideDown UIInterfaceOrientationLandscapeLeft UIInterfaceOrientationLandscapeRight";
				INFOPLIST_KEY_UISupportedInterfaceOrientations_iPhone = "UIInterfaceOrientationPortrait UIInterfaceOrientationLandscapeLeft UIInterfaceOrientationLandscapeRight";
				LD_RUNPATH_SEARCH_PATHS = (
					"$(inherited)",
					"@executable_path/Frameworks",
				);
				MARKETING_VERSION = 1.0;
				PRODUCT_BUNDLE_IDENTIFIER = com.appmade.Landmarks;
				PRODUCT_NAME = "$(TARGET_NAME)";
				SWIFT_EMIT_LOC_STRINGS = YES;
				SWIFT_VERSION = 5.0;
				TARGETED_DEVICE_FAMILY = "1,2";
			};
			name = Release;
		};
/* End XCBuildConfiguration section */

/* Begin XCConfigurationList section */
		EDD743272A0E3B8D00522F21 /* Build configuration list for PBXNativeTarget "WatchLandmark Watch App" */ = {
			isa = XCConfigurationList;
			buildConfigurations = (
				EDD743282A0E3B8D00522F21 /* Debug */,
				EDD743292A0E3B8D00522F21 /* Release */,
			);
			defaultConfigurationIsVisible = 0;
			defaultConfigurationName = Release;
		};
		EDD743532A0E440600522F21 /* Build configuration list for PBXNativeTarget "MacLandmarks" */ = {
			isa = XCConfigurationList;
			buildConfigurations = (
				EDD743542A0E440600522F21 /* Debug */,
				EDD743552A0E440600522F21 /* Release */,
			);
			defaultConfigurationIsVisible = 0;
			defaultConfigurationName = Release;
		};
		EDEE122729B5A40100072688 /* Build configuration list for PBXProject "Landmarks" */ = {
			isa = XCConfigurationList;
			buildConfigurations = (
				EDEE123829B5A40300072688 /* Debug */,
				EDEE123929B5A40300072688 /* Release */,
			);
			defaultConfigurationIsVisible = 0;
			defaultConfigurationName = Release;
		};
		EDEE123A29B5A40300072688 /* Build configuration list for PBXNativeTarget "Landmarks" */ = {
			isa = XCConfigurationList;
			buildConfigurations = (
				EDEE123B29B5A40300072688 /* Debug */,
				EDEE123C29B5A40300072688 /* Release */,
			);
			defaultConfigurationIsVisible = 0;
			defaultConfigurationName = Release;
		};
/* End XCConfigurationList section */
	};
	rootObject = EDEE122429B5A40100072688 /* Project object */;
}
